
Microsoft Visual Studio Solution File, Format Version 12.00
# Visual Studio Version 16
VisualStudioVersion = 16.0.34301.259
MinimumVisualStudioVersion = 10.0.40219.1
Project("{FAE04EC0-301F-11D3-BF4B-00C04F79EFBC}") = "KeycloakWebMVC45Sample", "KeycloakWebMVC45Sample\KeycloakWebMVC45Sample.csproj", "{BCE3C19A-E86A-4543-8512-4E20DD2CFC8B}"
EndProject
Global
	GlobalSection(SolutionConfigurationPlatforms) = preSolution
		Debug|Any CPU = Debug|Any CPU
		Release|Any CPU = Release|Any CPU
	EndGlobalSection
	GlobalSection(ProjectConfigurationPlatforms) = postSolution
		{BCE3C19A-E86A-4543-8512-4E20DD2CFC8B}.Debug|Any CPU.ActiveCfg = Debug|Any CPU
		{BCE3C19A-E86A-4543-8512-4E20DD2CFC8B}.Debug|Any CPU.Build.0 = Debug|Any CPU
		{BCE3C19A-E86A-4543-8512-4E20DD2CFC8B}.Release|Any CPU.ActiveCfg = Release|Any CPU
		{BCE3C19A-E86A-4543-8512-4E20DD2CFC8B}.Release|Any CPU.Build.0 = Release|Any CPU
	EndGlobalSection
	GlobalSection(SolutionProperties) = preSolution
		HideSolutionNode = FALSE
	EndGlobalSection
	GlobalSection(ExtensibilityGlobals) = postSolution
		SolutionGuid = {4AA4B02A-ABDC-43EC-B005-FE8AB4BAB695}
	EndGlobalSection
EndGlobal
